// !$*UTF8*$!
{
	archiveVersion = 1;
	classes = {
	};
	objectVersion = 48;
	objects = {

/* Begin PBXBuildFile section */
		7CC5597B205564EF00714DE0 /* AppDelegate.swift in Sources */ = {isa = PBXBuildFile; fileRef = 7CC5597A205564EF00714DE0 /* AppDelegate.swift */; };
		7CC5597D205564EF00714DE0 /* WelcomeVC.swift in Sources */ = {isa = PBXBuildFile; fileRef = 7CC5597C205564EF00714DE0 /* WelcomeVC.swift */; };
		7CC55980205564EF00714DE0 /* Main.storyboard in Resources */ = {isa = PBXBuildFile; fileRef = 7CC5597E205564EF00714DE0 /* Main.storyboard */; };
		7CC55982205564EF00714DE0 /* Assets.xcassets in Resources */ = {isa = PBXBuildFile; fileRef = 7CC55981205564EF00714DE0 /* Assets.xcassets */; };
		7CC55985205564EF00714DE0 /* LaunchScreen.storyboard in Resources */ = {isa = PBXBuildFile; fileRef = 7CC55983205564EF00714DE0 /* LaunchScreen.storyboard */; };
		7CC5598E20556CA500714DE0 /* BorderButton.swift in Sources */ = {isa = PBXBuildFile; fileRef = 7CC5598D20556CA500714DE0 /* BorderButton.swift */; };
		7CC559962059B39E00714DE0 /* LeagueVC.swift in Sources */ = {isa = PBXBuildFile; fileRef = 7CC559952059B39E00714DE0 /* LeagueVC.swift */; };
		7CC559982059B3B000714DE0 /* SkillVC.swift in Sources */ = {isa = PBXBuildFile; fileRef = 7CC559972059B3B000714DE0 /* SkillVC.swift */; };
		7CC5599A205D71BA00714DE0 /* Player.swift in Sources */ = {isa = PBXBuildFile; fileRef = 7CC55999205D71BA00714DE0 /* Player.swift */; };
/* End PBXBuildFile section */

/* Begin PBXFileReference section */
		7CC55977205564EF00714DE0 /* app-swoosh.app */ = {isa = PBXFileReference; explicitFileType = wrapper.application; includeInIndex = 0; path = "app-swoosh.app"; sourceTree = BUILT_PRODUCTS_DIR; };
		7CC5597A205564EF00714DE0 /* AppDelegate.swift */ = {isa = PBXFileReference; lastKnownFileType = sourcecode.swift; path = AppDelegate.swift; sourceTree = "<group>"; };
		7CC5597C205564EF00714DE0 /* WelcomeVC.swift */ = {isa = PBXFileReference; lastKnownFileType = sourcecode.swift; path = WelcomeVC.swift; sourceTree = "<group>"; };
		7CC5597F205564EF00714DE0 /* Base */ = {isa = PBXFileReference; lastKnownFileType = file.storyboard; name = Base; path = Base.lproj/Main.storyboard; sourceTree = "<group>"; };
		7CC55981205564EF00714DE0 /* Assets.xcassets */ = {isa = PBXFileReference; lastKnownFileType = folder.assetcatalog; path = Assets.xcassets; sourceTree = "<group>"; };
		7CC55984205564EF00714DE0 /* Base */ = {isa = PBXFileReference; lastKnownFileType = file.storyboard; name = Base; path = Base.lproj/LaunchScreen.storyboard; sourceTree = "<group>"; };
		7CC55986205564EF00714DE0 /* Info.plist */ = {isa = PBXFileReference; lastKnownFileType = text.plist.xml; path = Info.plist; sourceTree = "<group>"; };
		7CC5598D20556CA500714DE0 /* BorderButton.swift */ = {isa = PBXFileReference; lastKnownFileType = sourcecode.swift; path = BorderButton.swift; sourceTree = "<group>"; };
		7CC559952059B39E00714DE0 /* LeagueVC.swift */ = {isa = PBXFileReference; lastKnownFileType = sourcecode.swift; path = LeagueVC.swift; sourceTree = "<group>"; };
		7CC559972059B3B000714DE0 /* SkillVC.swift */ = {isa = PBXFileReference; lastKnownFileType = sourcecode.swift; path = SkillVC.swift; sourceTree = "<group>"; };
		7CC55999205D71BA00714DE0 /* Player.swift */ = {isa = PBXFileReference; lastKnownFileType = sourcecode.swift; path = Player.swift; sourceTree = "<group>"; };
/* End PBXFileReference section */

/* Begin PBXFrameworksBuildPhase section */
		7CC55974205564EF00714DE0 /* Frameworks */ = {
			isa = PBXFrameworksBuildPhase;
			buildActionMask = 2147483647;
			files = (
			);
			runOnlyForDeploymentPostprocessing = 0;
		};
/* End PBXFrameworksBuildPhase section */

/* Begin PBXGroup section */
		7CC5596E205564EF00714DE0 = {
			isa = PBXGroup;
			children = (
				7CC55979205564EF00714DE0 /* app-swoosh */,
				7CC55978205564EF00714DE0 /* Products */,
			);
			sourceTree = "<group>";
		};
		7CC55978205564EF00714DE0 /* Products */ = {
			isa = PBXGroup;
			children = (
				7CC55977205564EF00714DE0 /* app-swoosh.app */,
			);
			name = Products;
			sourceTree = "<group>";
		};
		7CC55979205564EF00714DE0 /* app-swoosh */ = {
			isa = PBXGroup;
			children = (
				7CC559902059B1BE00714DE0 /* Model */,
				7CC5598F2059B1B800714DE0 /* Controller */,
				7CC5598C20556C3500714DE0 /* View */,
				7CC5597A205564EF00714DE0 /* AppDelegate.swift */,
				7CC5597E205564EF00714DE0 /* Main.storyboard */,
				7CC55981205564EF00714DE0 /* Assets.xcassets */,
				7CC55983205564EF00714DE0 /* LaunchScreen.storyboard */,
				7CC55986205564EF00714DE0 /* Info.plist */,
			);
			path = "app-swoosh";
			sourceTree = "<group>";
		};
		7CC5598C20556C3500714DE0 /* View */ = {
			isa = PBXGroup;
			children = (
				7CC5598D20556CA500714DE0 /* BorderButton.swift */,
			);
			path = View;
			sourceTree = "<group>";
		};
		7CC5598F2059B1B800714DE0 /* Controller */ = {
			isa = PBXGroup;
			children = (
				7CC5597C205564EF00714DE0 /* WelcomeVC.swift */,
				7CC559952059B39E00714DE0 /* LeagueVC.swift */,
				7CC559972059B3B000714DE0 /* SkillVC.swift */,
			);
			path = Controller;
			sourceTree = "<group>";
		};
		7CC559902059B1BE00714DE0 /* Model */ = {
			isa = PBXGroup;
			children = (
				7CC55999205D71BA00714DE0 /* Player.swift */,
			);
			path = Model;
			sourceTree = "<group>";
		};
/* End PBXGroup section */

/* Begin PBXNativeTarget section */
		7CC55976205564EF00714DE0 /* app-swoosh */ = {
			isa = PBXNativeTarget;
			buildConfigurationList = 7CC55989205564EF00714DE0 /* Build configuration list for PBXNativeTarget "app-swoosh" */;
			buildPhases = (
				7CC55973205564EF00714DE0 /* Sources */,
				7CC55974205564EF00714DE0 /* Frameworks */,
				7CC55975205564EF00714DE0 /* Resources */,
			);
			buildRules = (
			);
			dependencies = (
			);
			name = "app-swoosh";
			productName = "app-swoosh";
			productReference = 7CC55977205564EF00714DE0 /* app-swoosh.app */;
			productType = "com.apple.product-type.application";
		};
/* End PBXNativeTarget section */

/* Begin PBXProject section */
		7CC5596F205564EF00714DE0 /* Project object */ = {
			isa = PBXProject;
			attributes = {
				LastSwiftUpdateCheck = 0920;
				LastUpgradeCheck = 0920;
				ORGANIZATIONNAME = "Christopher Parr";
				TargetAttributes = {
					7CC55976205564EF00714DE0 = {
						CreatedOnToolsVersion = 9.2;
						ProvisioningStyle = Automatic;
					};
				};
			};
			buildConfigurationList = 7CC55972205564EF00714DE0 /* Build configuration list for PBXProject "app-swoosh" */;
			compatibilityVersion = "Xcode 8.0";
			developmentRegion = en;
			hasScannedForEncodings = 0;
			knownRegions = (
				en,
				Base,
			);
			mainGroup = 7CC5596E205564EF00714DE0;
			productRefGroup = 7CC55978205564EF00714DE0 /* Products */;
			projectDirPath = "";
			projectRoot = "";
			targets = (
				7CC55976205564EF00714DE0 /* app-swoosh */,
			);
		};
/* End PBXProject section */

/* Begin PBXResourcesBuildPhase section */
		7CC55975205564EF00714DE0 /* Resources */ = {
			isa = PBXResourcesBuildPhase;
			buildActionMask = 2147483647;
			files = (
				7CC55985205564EF00714DE0 /* LaunchScreen.storyboard in Resources */,
				7CC55982205564EF00714DE0 /* Assets.xcassets in Resources */,
				7CC55980205564EF00714DE0 /* Main.storyboard in Resources */,
			);
			runOnlyForDeploymentPostprocessing = 0;
		};
/* End PBXResourcesBuildPhase section */

/* Begin PBXSourcesBuildPhase section */
		7CC55973205564EF00714DE0 /* Sources */ = {
			isa = PBXSourcesBuildPhase;
			buildActionMask = 2147483647;
			files = (
				7CC5597D205564EF00714DE0 /* WelcomeVC.swift in Sources */,
				7CC559962059B39E00714DE0 /* LeagueVC.swift in Sources */,
				7CC5597B205564EF00714DE0 /* AppDelegate.swift in Sources */,
				7CC559982059B3B000714DE0 /* SkillVC.swift in Sources */,
				7CC5599A205D71BA00714DE0 /* Player.swift in Sources */,
				7CC5598E20556CA500714DE0 /* BorderButton.swift in Sources */,
			);
			runOnlyForDeploymentPostprocessing = 0;
		};
/* End PBXSourcesBuildPhase section */

/* Begin PBXVariantGroup section */
		7CC5597E205564EF00714DE0 /* Main.storyboard */ = {
			isa = PBXVariantGroup;
			children = (
				7CC5597F205564EF00714DE0 /* Base */,
			);
			name = Main.storyboard;
			sourceTree = "<group>";
		};
		7CC55983205564EF00714DE0 /* LaunchScreen.storyboard */ = {
			isa = PBXVariantGroup;
			children = (
				7CC55984205564EF00714DE0 /* Base */,
			);
			name = LaunchScreen.storyboard;
			sourceTree = "<group>";
		};
/* End PBXVariantGroup section */

/* Begin XCBuildConfiguration section */
		7CC55987205564EF00714DE0 /* Debug */ = {
			isa = XCBuildConfiguration;
			buildSettings = {
				ALWAYS_SEARCH_USER_PATHS = NO;
				CLANG_ANALYZER_NONNULL = YES;
				CLANG_ANALYZER_NUMBER_OBJECT_CONVERSION = YES_AGGRESSIVE;
				CLANG_CXX_LANGUAGE_STANDARD = "gnu++14";
				CLANG_CXX_LIBRARY = "libc++";
				CLANG_ENABLE_MODULES = YES;
				CLANG_ENABLE_OBJC_ARC = YES;
				CLANG_WARN_BLOCK_CAPTURE_AUTORELEASING = YES;
				CLANG_WARN_BOOL_CONVERSION = YES;
				CLANG_WARN_COMMA = YES;
				CLANG_WARN_CONSTANT_CONVERSION = YES;
				CLANG_WARN_DIRECT_OBJC_ISA_USAGE = YES_ERROR;
				CLANG_WARN_DOCUMENTATION_COMMENTS = YES;
				CLANG_WARN_EMPTY_BODY = YES;
				CLANG_WARN_ENUM_CONVERSION = YES;
				CLANG_WARN_INFINITE_RECURSION = YES;
				CLANG_WARN_INT_CONVERSION = YES;
				CLANG_WARN_NON_LITERAL_NULL_CONVERSION = YES;
				CLANG_WARN_OBJC_LITERAL_CONVERSION = YES;
				CLANG_WARN_OBJC_ROOT_CLASS = YES_ERROR;
				CLANG_WARN_RANGE_LOOP_ANALYSIS = YES;
				CLANG_WARN_STRICT_PROTOTYPES = YES;
				CLANG_WARN_SUSPICIOUS_MOVE = YES;
				CLANG_WARN_UNGUARDED_AVAILABILITY = YES_AGGRESSIVE;
				CLANG_WARN_UNREACHABLE_CODE = YES;
				CLANG_WARN__DUPLICATE_METHOD_MATCH = YES;
				CODE_SIGN_IDENTITY = "iPhone Developer";
				COPY_PHASE_STRIP = NO;
				DEBUG_INFORMATION_FORMAT = dwarf;
				ENABLE_STRICT_OBJC_MSGSEND = YES;
				ENABLE_TESTABILITY = YES;
				GCC_C_LANGUAGE_STANDARD = gnu11;
				GCC_DYNAMIC_NO_PIC = NO;
				GCC_NO_COMMON_BLOCKS = YES;
				GCC_OPTIMIZATION_LEVEL = 0;
				GCC_PREPROCESSOR_DEFINITIONS = (
					"DEBUG=1",
					"$(inherited)",
				);
				GCC_WARN_64_TO_32_BIT_CONVERSION = YES;
				GCC_WARN_ABOUT_RETURN_TYPE = YES_ERROR;
				GCC_WARN_UNDECLARED_SELECTOR = YES;
				GCC_WARN_UNINITIALIZED_AUTOS = YES_AGGRESSIVE;
				GCC_WARN_UNUSED_FUNCTION = YES;
				GCC_WARN_UNUSED_VARIABLE = YES;
				IPHONEOS_DEPLOYMENT_TARGET = 11.2;
				MTL_ENABLE_DEBUG_INFO = YES;
				ONLY_ACTIVE_ARCH = YES;
				SDKROOT = iphoneos;
				SWIFT_ACTIVE_COMPILATION_CONDITIONS = DEBUG;
				SWIFT_OPTIMIZATION_LEVEL = "-Onone";
			};
			name = Debug;
		};
		7CC55988205564EF00714DE0 /* Release */ = {
			isa = XCBuildConfiguration;
			buildSettings = {
				ALWAYS_SEARCH_USER_PATHS = NO;
				CLANG_ANALYZER_NONNULL = YES;
				CLANG_ANALYZER_NUMBER_OBJECT_CONVERSION = YES_AGGRESSIVE;
				CLANG_CXX_LANGUAGE_STANDARD = "gnu++14";
				CLANG_CXX_LIBRARY = "libc++";
				CLANG_ENABLE_MODULES = YES;
				CLANG_ENABLE_OBJC_ARC = YES;
				CLANG_WARN_BLOCK_CAPTURE_AUTORELEASING = YES;
				CLANG_WARN_BOOL_CONVERSION = YES;
				CLANG_WARN_COMMA = YES;
				CLANG_WARN_CONSTANT_CONVERSION = YES;
				CLANG_WARN_DIRECT_OBJC_ISA_USAGE = YES_ERROR;
				CLANG_WARN_DOCUMENTATION_COMMENTS = YES;
				CLANG_WARN_EMPTY_BODY = YES;
				CLANG_WARN_ENUM_CONVERSION = YES;
				CLANG_WARN_INFINITE_RECURSION = YES;
				CLANG_WARN_INT_CONVERSION = YES;
				CLANG_WARN_NON_LITERAL_NULL_CONVERSION = YES;
				CLANG_WARN_OBJC_LITERAL_CONVERSION = YES;
				CLANG_WARN_OBJC_ROOT_CLASS = YES_ERROR;
				CLANG_WARN_RANGE_LOOP_ANALYSIS = YES;
				CLANG_WARN_STRICT_PROTOTYPES = YES;
				CLANG_WARN_SUSPICIOUS_MOVE = YES;
				CLANG_WARN_UNGUARDED_AVAILABILITY = YES_AGGRESSIVE;
				CLANG_WARN_UNREACHABLE_CODE = YES;
				CLANG_WARN__DUPLICATE_METHOD_MATCH = YES;
				CODE_SIGN_IDENTITY = "iPhone Developer";
				COPY_PHASE_STRIP = NO;
				DEBUG_INFORMATION_FORMAT = "dwarf-with-dsym";
				ENABLE_NS_ASSERTIONS = NO;
				ENABLE_STRICT_OBJC_MSGSEND = YES;
				GCC_C_LANGUAGE_STANDARD = gnu11;
				GCC_NO_COMMON_BLOCKS = YES;
				GCC_WARN_64_TO_32_BIT_CONVERSION = YES;
				GCC_WARN_ABOUT_RETURN_TYPE = YES_ERROR;
				GCC_WARN_UNDECLARED_SELECTOR = YES;
				GCC_WARN_UNINITIALIZED_AUTOS = YES_AGGRESSIVE;
				GCC_WARN_UNUSED_FUNCTION = YES;
				GCC_WARN_UNUSED_VARIABLE = YES;
				IPHONEOS_DEPLOYMENT_TARGET = 11.2;
				MTL_ENABLE_DEBUG_INFO = NO;
				SDKROOT = iphoneos;
				SWIFT_OPTIMIZATION_LEVEL = "-Owholemodule";
				VALIDATE_PRODUCT = YES;
			};
			name = Release;
		};
		7CC5598A205564EF00714DE0 /* Debug */ = {
			isa = XCBuildConfiguration;
			buildSettings = {
				ASSETCATALOG_COMPILER_APPICON_NAME = AppIcon;
				CODE_SIGN_STYLE = Automatic;
				DEVELOPMENT_TEAM = 93GB5WZPDA;
				INFOPLIST_FILE = "app-swoosh/Info.plist";
				LD_RUNPATH_SEARCH_PATHS = "$(inherited) @executable_path/Frameworks";
				PRODUCT_BUNDLE_IDENTIFIER = "com.chrisparr.hustle-mode.app-swoosh";
				PRODUCT_NAME = "$(TARGET_NAME)";
				SWIFT_VERSION = 4.0;
				TARGETED_DEVICE_FAMILY = "1,2";
			};
			name = Debug;
		};
		7CC5598B205564EF00714DE0 /* Release */ = {
			isa = XCBuildConfiguration;
			buildSettings = {
				ASSETCATALOG_COMPILER_APPICON_NAME = AppIcon;
				CODE_SIGN_STYLE = Automatic;
				DEVELOPMENT_TEAM = 93GB5WZPDA;
				INFOPLIST_FILE = "app-swoosh/Info.plist";
				LD_RUNPATH_SEARCH_PATHS = "$(inherited) @executable_path/Frameworks";
				PRODUCT_BUNDLE_IDENTIFIER = "com.chrisparr.hustle-mode.app-swoosh";
				PRODUCT_NAME = "$(TARGET_NAME)";
				SWIFT_VERSION = 4.0;
				TARGETED_DEVICE_FAMILY = "1,2";
			};
			name = Release;
		};
/* End XCBuildConfiguration section */

/* Begin XCConfigurationList section */
		7CC55972205564EF00714DE0 /* Build configuration list for PBXProject "app-swoosh" */ = {
			isa = XCConfigurationList;
			buildConfigurations = (
				7CC55987205564EF00714DE0 /* Debug */,
				7CC55988205564EF00714DE0 /* Release */,
			);
			defaultConfigurationIsVisible = 0;
			defaultConfigurationName = Release;
		};
		7CC55989205564EF00714DE0 /* Build configuration list for PBXNativeTarget "app-swoosh" */ = {
			isa = XCConfigurationList;
			buildConfigurations = (
				7CC5598A205564EF00714DE0 /* Debug */,
				7CC5598B205564EF00714DE0 /* Release */,
			);
			defaultConfigurationIsVisible = 0;
			defaultConfigurationName = Release;
		};
/* End XCConfigurationList section */
	};
	rootObject = 7CC5596F205564EF00714DE0 /* Project object */;
}
